
Microsoft Visual Studio Solution File, Format Version 12.00
# Visual Studio 15
VisualStudioVersion = 15.0.27130.2027
MinimumVisualStudioVersion = 10.0.40219.1
Project("{8BC9CEB8-8B4A-11D0-8D11-00A0C91BC942}") = "shear2Failure", "shear2Failure\shear2Failure.vcxproj", "{1F4BC7CC-B57B-49B6-999F-930D8871C63C}"
EndProject
Global
	GlobalSection(SolutionConfigurationPlatforms) = preSolution
		Debug|x64 = Debug|x64
		Debug|x86 = Debug|x86
		Release|x64 = Release|x64
		Release|x86 = Release|x86
	EndGlobalSection
	GlobalSection(ProjectConfigurationPlatforms) = postSolution
		{1F4BC7CC-B57B-49B6-999F-930D8871C63C}.Debug|x64.ActiveCfg = Debug|x64
		{1F4BC7CC-B57B-49B6-999F-930D8871C63C}.Debug|x64.Build.0 = Debug|x64
		{1F4BC7CC-B57B-49B6-999F-930D8871C63C}.Debug|x86.ActiveCfg = Debug|Win32
		{1F4BC7CC-B57B-49B6-999F-930D8871C63C}.Debug|x86.Build.0 = Debug|Win32
		{1F4BC7CC-B57B-49B6-999F-930D8871C63C}.Release|x64.ActiveCfg = Release|x64
		{1F4BC7CC-B57B-49B6-999F-930D8871C63C}.Release|x64.Build.0 = Release|x64
		{1F4BC7CC-B57B-49B6-999F-930D8871C63C}.Release|x86.ActiveCfg = Release|Win32
		{1F4BC7CC-B57B-49B6-999F-930D8871C63C}.Release|x86.Build.0 = Release|Win32
	EndGlobalSection
	GlobalSection(SolutionProperties) = preSolution
		HideSolutionNode = FALSE
	EndGlobalSection
	GlobalSection(ExtensibilityGlobals) = postSolution
		SolutionGuid = {5FC4C444-0B01-482B-9960-D352663F800B}
	EndGlobalSection
EndGlobal
